
Microsoft Visual Studio Solution File, Format Version 12.00
# Visual Studio Version 16
VisualStudioVersion = 16.0.30011.22
MinimumVisualStudioVersion = 10.0.40219.1
Project("{9A19103F-16F7-4668-BE54-9A1E7A4F7556}") = "Hut.Lib.Core", "Hut.Lib.Core\Hut.Lib.Core.csproj", "{EF50DC94-A5CB-445F-8102-06F38E866768}"
EndProject
Project("{9A19103F-16F7-4668-BE54-9A1E7A4F7556}") = "Hut.Lib.Test", "Hut.Lib.Test\Hut.Lib.Test.csproj", "{7A2B8A9E-A876-4F50-B742-A5CFFC8C90DF}"
	ProjectSection(ProjectDependencies) = postProject
		{EF50DC94-A5CB-445F-8102-06F38E866768} = {EF50DC94-A5CB-445F-8102-06F38E866768}
	EndProjectSection
EndProject
Global
	GlobalSection(SolutionConfigurationPlatforms) = preSolution
		Debug|Any CPU = Debug|Any CPU
		Release|Any CPU = Release|Any CPU
	EndGlobalSection
	GlobalSection(ProjectConfigurationPlatforms) = postSolution
		{EF50DC94-A5CB-445F-8102-06F38E866768}.Debug|Any CPU.ActiveCfg = Debug|Any CPU
		{EF50DC94-A5CB-445F-8102-06F38E866768}.Debug|Any CPU.Build.0 = Debug|Any CPU
		{EF50DC94-A5CB-445F-8102-06F38E866768}.Release|Any CPU.ActiveCfg = Release|Any CPU
		{EF50DC94-A5CB-445F-8102-06F38E866768}.Release|Any CPU.Build.0 = Release|Any CPU
		{7A2B8A9E-A876-4F50-B742-A5CFFC8C90DF}.Debug|Any CPU.ActiveCfg = Debug|Any CPU
		{7A2B8A9E-A876-4F50-B742-A5CFFC8C90DF}.Debug|Any CPU.Build.0 = Debug|Any CPU
		{7A2B8A9E-A876-4F50-B742-A5CFFC8C90DF}.Release|Any CPU.ActiveCfg = Release|Any CPU
		{7A2B8A9E-A876-4F50-B742-A5CFFC8C90DF}.Release|Any CPU.Build.0 = Release|Any CPU
	EndGlobalSection
	GlobalSection(SolutionProperties) = preSolution
		HideSolutionNode = FALSE
	EndGlobalSection
	GlobalSection(ExtensibilityGlobals) = postSolution
		SolutionGuid = {EF527352-A8A8-4CE8-86FC-6C3D3FE182EB}
	EndGlobalSection
EndGlobal
